
Microsoft Visual Studio Solution File, Format Version 12.00
# Visual Studio Version 16
VisualStudioVersion = 16.0.31205.134
MinimumVisualStudioVersion = 10.0.40219.1
Project("{9A19103F-16F7-4668-BE54-9A1E7A4F7556}") = "TestProject1", "TestProject1\TestProject1.csproj", "{BCEDFE88-75C2-4CA4-A8BA-D4FFB8E13C19}"
EndProject
Project("{FAE04EC0-301F-11D3-BF4B-00C04F79EFBC}") = "SpecFlowTest", "SpecFlowTest\SpecFlowTest.csproj", "{A4FC8ADC-06D8-4086-9EF8-CC030D1C3500}"
EndProject
Global
	GlobalSection(SolutionConfigurationPlatforms) = preSolution
		Debug|Any CPU = Debug|Any CPU
		Release|Any CPU = Release|Any CPU
	EndGlobalSection
	GlobalSection(ProjectConfigurationPlatforms) = postSolution
		{BCEDFE88-75C2-4CA4-A8BA-D4FFB8E13C19}.Debug|Any CPU.ActiveCfg = Debug|Any CPU
		{BCEDFE88-75C2-4CA4-A8BA-D4FFB8E13C19}.Debug|Any CPU.Build.0 = Debug|Any CPU
		{BCEDFE88-75C2-4CA4-A8BA-D4FFB8E13C19}.Release|Any CPU.ActiveCfg = Release|Any CPU
		{BCEDFE88-75C2-4CA4-A8BA-D4FFB8E13C19}.Release|Any CPU.Build.0 = Release|Any CPU
		{A4FC8ADC-06D8-4086-9EF8-CC030D1C3500}.Debug|Any CPU.ActiveCfg = Debug|Any CPU
		{A4FC8ADC-06D8-4086-9EF8-CC030D1C3500}.Debug|Any CPU.Build.0 = Debug|Any CPU
		{A4FC8ADC-06D8-4086-9EF8-CC030D1C3500}.Release|Any CPU.ActiveCfg = Release|Any CPU
		{A4FC8ADC-06D8-4086-9EF8-CC030D1C3500}.Release|Any CPU.Build.0 = Release|Any CPU
	EndGlobalSection
	GlobalSection(SolutionProperties) = preSolution
		HideSolutionNode = FALSE
	EndGlobalSection
	GlobalSection(ExtensibilityGlobals) = postSolution
		SolutionGuid = {9F1B7464-1934-43B5-BC76-024945D9E6CE}
	EndGlobalSection
EndGlobal
